// !$*UTF8*$!
{
	archiveVersion = 1;
	classes = {
	};
	objectVersion = 50;
	objects = {

/* Begin PBXBuildFile section */
		8A8F281821A63A660037B9F8 /* MemeTile.swift in Sources */ = {isa = PBXBuildFile; fileRef = 8A8F281721A63A650037B9F8 /* MemeTile.swift */; };
		8A8F281B21A63A7C0037B9F8 /* HomeViewController.swift in Sources */ = {isa = PBXBuildFile; fileRef = 8A8F281A21A63A7C0037B9F8 /* HomeViewController.swift */; };
		8A8F281F21A64B650037B9F8 /* computer-guy.png in Resources */ = {isa = PBXBuildFile; fileRef = 8A8F281E21A64B650037B9F8 /* computer-guy.png */; };
		8A8F282321A67B590037B9F8 /* TrendingViewController.swift in Sources */ = {isa = PBXBuildFile; fileRef = 8A8F282221A67B590037B9F8 /* TrendingViewController.swift */; };
		8A8F282521A67B6A0037B9F8 /* FavoritesViewController.swift in Sources */ = {isa = PBXBuildFile; fileRef = 8A8F282421A67B6A0037B9F8 /* FavoritesViewController.swift */; };
		8A8F282C21A739A40037B9F8 /* meme-example1.jpg in Resources */ = {isa = PBXBuildFile; fileRef = 8A8F282921A739A40037B9F8 /* meme-example1.jpg */; };
		8A8F282D21A739A40037B9F8 /* meme-example3.jpg in Resources */ = {isa = PBXBuildFile; fileRef = 8A8F282A21A739A40037B9F8 /* meme-example3.jpg */; };
		8A8F282E21A739A40037B9F8 /* memee-xample2.jpg in Resources */ = {isa = PBXBuildFile; fileRef = 8A8F282B21A739A40037B9F8 /* memee-xample2.jpg */; };
		9BB34989154973F2CCC51B99 /* Pods_Memelify.framework in Frameworks */ = {isa = PBXBuildFile; fileRef = 341BC62F284ACBF7234A542F /* Pods_Memelify.framework */; };
		DE24482C21A0F6DB008DF45E /* Memelify-transparent.png in Resources */ = {isa = PBXBuildFile; fileRef = DE24482B21A0F6D9008DF45E /* Memelify-transparent.png */; };
		DE56B977219E245B0044FB9F /* AppDelegate.swift in Sources */ = {isa = PBXBuildFile; fileRef = DE56B976219E245B0044FB9F /* AppDelegate.swift */; };
		DE56B97C219E245B0044FB9F /* Main.storyboard in Resources */ = {isa = PBXBuildFile; fileRef = DE56B97A219E245B0044FB9F /* Main.storyboard */; };
		DE56B97E219E24620044FB9F /* Assets.xcassets in Resources */ = {isa = PBXBuildFile; fileRef = DE56B97D219E24620044FB9F /* Assets.xcassets */; };
		DE56B981219E24620044FB9F /* LaunchScreen.storyboard in Resources */ = {isa = PBXBuildFile; fileRef = DE56B97F219E24620044FB9F /* LaunchScreen.storyboard */; };
		DE56B98C219E24630044FB9F /* MemelifyTests.swift in Sources */ = {isa = PBXBuildFile; fileRef = DE56B98B219E24630044FB9F /* MemelifyTests.swift */; };
		DE56B997219E24630044FB9F /* MemelifyUITests.swift in Sources */ = {isa = PBXBuildFile; fileRef = DE56B996219E24630044FB9F /* MemelifyUITests.swift */; };
/* End PBXBuildFile section */

/* Begin PBXContainerItemProxy section */
		DE56B988219E24630044FB9F /* PBXContainerItemProxy */ = {
			isa = PBXContainerItemProxy;
			containerPortal = DE56B96B219E245B0044FB9F /* Project object */;
			proxyType = 1;
			remoteGlobalIDString = DE56B972219E245B0044FB9F;
			remoteInfo = Memelify;
		};
		DE56B993219E24630044FB9F /* PBXContainerItemProxy */ = {
			isa = PBXContainerItemProxy;
			containerPortal = DE56B96B219E245B0044FB9F /* Project object */;
			proxyType = 1;
			remoteGlobalIDString = DE56B972219E245B0044FB9F;
			remoteInfo = Memelify;
		};
/* End PBXContainerItemProxy section */

/* Begin PBXFileReference section */
		30CB0809821D37314BCE72A4 /* Pods-Memelify.debug.xcconfig */ = {isa = PBXFileReference; includeInIndex = 1; lastKnownFileType = text.xcconfig; name = "Pods-Memelify.debug.xcconfig"; path = "Pods/Target Support Files/Pods-Memelify/Pods-Memelify.debug.xcconfig"; sourceTree = "<group>"; };
		341BC62F284ACBF7234A542F /* Pods_Memelify.framework */ = {isa = PBXFileReference; explicitFileType = wrapper.framework; includeInIndex = 0; path = Pods_Memelify.framework; sourceTree = BUILT_PRODUCTS_DIR; };
		88CC833CDE3B2D1D65485575 /* Pods-Memelify.release.xcconfig */ = {isa = PBXFileReference; includeInIndex = 1; lastKnownFileType = text.xcconfig; name = "Pods-Memelify.release.xcconfig"; path = "Pods/Target Support Files/Pods-Memelify/Pods-Memelify.release.xcconfig"; sourceTree = "<group>"; };
		8A8F280121A6396B0037B9F8 /* 009-star.png */ = {isa = PBXFileReference; lastKnownFileType = image.png; path = "009-star.png"; sourceTree = "<group>"; };
		8A8F280221A6396B0037B9F8 /* 004-star-1.png */ = {isa = PBXFileReference; lastKnownFileType = image.png; path = "004-star-1.png"; sourceTree = "<group>"; };
		8A8F280321A6396B0037B9F8 /* 001-fire-1.png */ = {isa = PBXFileReference; lastKnownFileType = image.png; path = "001-fire-1.png"; sourceTree = "<group>"; };
		8A8F280421A6396B0037B9F8 /* memelify logo.png */ = {isa = PBXFileReference; lastKnownFileType = image.png; path = "memelify logo.png"; sourceTree = "<group>"; };
		8A8F280621A6396B0037B9F8 /* license.html */ = {isa = PBXFileReference; lastKnownFileType = text.html; path = license.html; sourceTree = "<group>"; };
		8A8F280721A6396B0037B9F8 /* backup.txt */ = {isa = PBXFileReference; lastKnownFileType = text; path = backup.txt; sourceTree = "<group>"; };
		8A8F280821A6396B0037B9F8 /* 005-settings.png */ = {isa = PBXFileReference; lastKnownFileType = image.png; path = "005-settings.png"; sourceTree = "<group>"; };
		8A8F280921A6396B0037B9F8 /* 007-adjust.png */ = {isa = PBXFileReference; lastKnownFileType = image.png; path = "007-adjust.png"; sourceTree = "<group>"; };
		8A8F280A21A6396B0037B9F8 /* monoshare.png */ = {isa = PBXFileReference; lastKnownFileType = image.png; path = monoshare.png; sourceTree = "<group>"; };
		8A8F280B21A6396B0037B9F8 /* 010-heart.png */ = {isa = PBXFileReference; lastKnownFileType = image.png; path = "010-heart.png"; sourceTree = "<group>"; };
		8A8F280C21A6396B0037B9F8 /* 002-home.png */ = {isa = PBXFileReference; lastKnownFileType = image.png; path = "002-home.png"; sourceTree = "<group>"; };
		8A8F280D21A6396B0037B9F8 /* 003-like.png */ = {isa = PBXFileReference; lastKnownFileType = image.png; path = "003-like.png"; sourceTree = "<group>"; };
		8A8F280E21A6396B0037B9F8 /* share.png */ = {isa = PBXFileReference; lastKnownFileType = image.png; path = share.png; sourceTree = "<group>"; };
		8A8F280F21A6396B0037B9F8 /* 012-fire.png */ = {isa = PBXFileReference; lastKnownFileType = image.png; path = "012-fire.png"; sourceTree = "<group>"; };
		8A8F281121A6396B0037B9F8 /* controls.png */ = {isa = PBXFileReference; lastKnownFileType = image.png; path = controls.png; sourceTree = "<group>"; };
		8A8F281221A6396B0037B9F8 /* 008-gear.png */ = {isa = PBXFileReference; lastKnownFileType = image.png; path = "008-gear.png"; sourceTree = "<group>"; };
		8A8F281321A6396B0037B9F8 /* 011-controls.png */ = {isa = PBXFileReference; lastKnownFileType = image.png; path = "011-controls.png"; sourceTree = "<group>"; };
		8A8F281721A63A650037B9F8 /* MemeTile.swift */ = {isa = PBXFileReference; fileEncoding = 4; lastKnownFileType = sourcecode.swift; path = MemeTile.swift; sourceTree = "<group>"; };
		8A8F281A21A63A7C0037B9F8 /* HomeViewController.swift */ = {isa = PBXFileReference; fileEncoding = 4; lastKnownFileType = sourcecode.swift; path = HomeViewController.swift; sourceTree = "<group>"; };
		8A8F281E21A64B650037B9F8 /* computer-guy.png */ = {isa = PBXFileReference; lastKnownFileType = image.png; path = "computer-guy.png"; sourceTree = "<group>"; };
		8A8F282221A67B590037B9F8 /* TrendingViewController.swift */ = {isa = PBXFileReference; lastKnownFileType = sourcecode.swift; path = TrendingViewController.swift; sourceTree = "<group>"; };
		8A8F282421A67B6A0037B9F8 /* FavoritesViewController.swift */ = {isa = PBXFileReference; lastKnownFileType = sourcecode.swift; path = FavoritesViewController.swift; sourceTree = "<group>"; };
		8A8F282921A739A40037B9F8 /* meme-example1.jpg */ = {isa = PBXFileReference; lastKnownFileType = image.jpeg; path = "meme-example1.jpg"; sourceTree = "<group>"; };
		8A8F282A21A739A40037B9F8 /* meme-example3.jpg */ = {isa = PBXFileReference; lastKnownFileType = image.jpeg; path = "meme-example3.jpg"; sourceTree = "<group>"; };
		8A8F282B21A739A40037B9F8 /* memee-xample2.jpg */ = {isa = PBXFileReference; lastKnownFileType = image.jpeg; path = "memee-xample2.jpg"; sourceTree = "<group>"; };
		DE24482B21A0F6D9008DF45E /* Memelify-transparent.png */ = {isa = PBXFileReference; lastKnownFileType = image.png; path = "Memelify-transparent.png"; sourceTree = "<group>"; };
		DE56B973219E245B0044FB9F /* Memelify.app */ = {isa = PBXFileReference; explicitFileType = wrapper.application; includeInIndex = 0; path = Memelify.app; sourceTree = BUILT_PRODUCTS_DIR; };
		DE56B976219E245B0044FB9F /* AppDelegate.swift */ = {isa = PBXFileReference; lastKnownFileType = sourcecode.swift; path = AppDelegate.swift; sourceTree = "<group>"; };
		DE56B97B219E245B0044FB9F /* Base */ = {isa = PBXFileReference; lastKnownFileType = file.storyboard; name = Base; path = Base.lproj/Main.storyboard; sourceTree = "<group>"; };
		DE56B97D219E24620044FB9F /* Assets.xcassets */ = {isa = PBXFileReference; lastKnownFileType = folder.assetcatalog; path = Assets.xcassets; sourceTree = "<group>"; };
		DE56B980219E24620044FB9F /* Base */ = {isa = PBXFileReference; lastKnownFileType = file.storyboard; name = Base; path = Base.lproj/LaunchScreen.storyboard; sourceTree = "<group>"; };
		DE56B982219E24620044FB9F /* Info.plist */ = {isa = PBXFileReference; lastKnownFileType = text.plist.xml; path = Info.plist; sourceTree = "<group>"; };
		DE56B987219E24630044FB9F /* MemelifyTests.xctest */ = {isa = PBXFileReference; explicitFileType = wrapper.cfbundle; includeInIndex = 0; path = MemelifyTests.xctest; sourceTree = BUILT_PRODUCTS_DIR; };
		DE56B98B219E24630044FB9F /* MemelifyTests.swift */ = {isa = PBXFileReference; lastKnownFileType = sourcecode.swift; path = MemelifyTests.swift; sourceTree = "<group>"; };
		DE56B98D219E24630044FB9F /* Info.plist */ = {isa = PBXFileReference; lastKnownFileType = text.plist.xml; path = Info.plist; sourceTree = "<group>"; };
		DE56B992219E24630044FB9F /* MemelifyUITests.xctest */ = {isa = PBXFileReference; explicitFileType = wrapper.cfbundle; includeInIndex = 0; path = MemelifyUITests.xctest; sourceTree = BUILT_PRODUCTS_DIR; };
		DE56B996219E24630044FB9F /* MemelifyUITests.swift */ = {isa = PBXFileReference; lastKnownFileType = sourcecode.swift; path = MemelifyUITests.swift; sourceTree = "<group>"; };
		DE56B998219E24640044FB9F /* Info.plist */ = {isa = PBXFileReference; lastKnownFileType = text.plist.xml; path = Info.plist; sourceTree = "<group>"; };
/* End PBXFileReference section */

/* Begin PBXFrameworksBuildPhase section */
		DE56B970219E245B0044FB9F /* Frameworks */ = {
			isa = PBXFrameworksBuildPhase;
			buildActionMask = 2147483647;
			files = (
				9BB34989154973F2CCC51B99 /* Pods_Memelify.framework in Frameworks */,
			);
			runOnlyForDeploymentPostprocessing = 0;
		};
		DE56B984219E24630044FB9F /* Frameworks */ = {
			isa = PBXFrameworksBuildPhase;
			buildActionMask = 2147483647;
			files = (
			);
			runOnlyForDeploymentPostprocessing = 0;
		};
		DE56B98F219E24630044FB9F /* Frameworks */ = {
			isa = PBXFrameworksBuildPhase;
			buildActionMask = 2147483647;
			files = (
			);
			runOnlyForDeploymentPostprocessing = 0;
		};
/* End PBXFrameworksBuildPhase section */

/* Begin PBXGroup section */
		8A8F280021A6396B0037B9F8 /* Resources */ = {
			isa = PBXGroup;
			children = (
				8A8F280121A6396B0037B9F8 /* 009-star.png */,
				8A8F282921A739A40037B9F8 /* meme-example1.jpg */,
				8A8F282B21A739A40037B9F8 /* memee-xample2.jpg */,
				8A8F282A21A739A40037B9F8 /* meme-example3.jpg */,
				8A8F281E21A64B650037B9F8 /* computer-guy.png */,
				DE24482B21A0F6D9008DF45E /* Memelify-transparent.png */,
				8A8F280221A6396B0037B9F8 /* 004-star-1.png */,
				8A8F280321A6396B0037B9F8 /* 001-fire-1.png */,
				8A8F280421A6396B0037B9F8 /* memelify logo.png */,
				8A8F280521A6396B0037B9F8 /* license */,
				8A8F280721A6396B0037B9F8 /* backup.txt */,
				8A8F280821A6396B0037B9F8 /* 005-settings.png */,
				8A8F280921A6396B0037B9F8 /* 007-adjust.png */,
				8A8F280A21A6396B0037B9F8 /* monoshare.png */,
				8A8F280B21A6396B0037B9F8 /* 010-heart.png */,
				8A8F280C21A6396B0037B9F8 /* 002-home.png */,
				8A8F280D21A6396B0037B9F8 /* 003-like.png */,
				8A8F280E21A6396B0037B9F8 /* share.png */,
				8A8F280F21A6396B0037B9F8 /* 012-fire.png */,
				8A8F281121A6396B0037B9F8 /* controls.png */,
				8A8F281221A6396B0037B9F8 /* 008-gear.png */,
				8A8F281321A6396B0037B9F8 /* 011-controls.png */,
			);
			path = Resources;
			sourceTree = "<group>";
		};
		8A8F280521A6396B0037B9F8 /* license */ = {
			isa = PBXGroup;
			children = (
				8A8F280621A6396B0037B9F8 /* license.html */,
			);
			path = license;
			sourceTree = "<group>";
		};
		8A8F281621A63A650037B9F8 /* Supports */ = {
			isa = PBXGroup;
			children = (
				8A8F281721A63A650037B9F8 /* MemeTile.swift */,
			);
			path = Supports;
			sourceTree = "<group>";
		};
		8A8F281921A63A7C0037B9F8 /* ViewControllers */ = {
			isa = PBXGroup;
			children = (
				8A8F281A21A63A7C0037B9F8 /* HomeViewController.swift */,
				8A8F282221A67B590037B9F8 /* TrendingViewController.swift */,
				8A8F282421A67B6A0037B9F8 /* FavoritesViewController.swift */,
			);
			path = ViewControllers;
			sourceTree = "<group>";
		};
		8BA501DC8D86FA04426248CF /* Pods */ = {
			isa = PBXGroup;
			children = (
				30CB0809821D37314BCE72A4 /* Pods-Memelify.debug.xcconfig */,
				88CC833CDE3B2D1D65485575 /* Pods-Memelify.release.xcconfig */,
			);
			name = Pods;
			sourceTree = "<group>";
		};
		DE56B96A219E245B0044FB9F = {
			isa = PBXGroup;
			children = (
				DE56B975219E245B0044FB9F /* Memelify */,
				DE56B98A219E24630044FB9F /* MemelifyTests */,
				DE56B995219E24630044FB9F /* MemelifyUITests */,
				DE56B974219E245B0044FB9F /* Products */,
				8BA501DC8D86FA04426248CF /* Pods */,
				F906F1A6183B7D25D98457B1 /* Frameworks */,
			);
			sourceTree = "<group>";
		};
		DE56B974219E245B0044FB9F /* Products */ = {
			isa = PBXGroup;
			children = (
				DE56B973219E245B0044FB9F /* Memelify.app */,
				DE56B987219E24630044FB9F /* MemelifyTests.xctest */,
				DE56B992219E24630044FB9F /* MemelifyUITests.xctest */,
			);
			name = Products;
			sourceTree = "<group>";
		};
		DE56B975219E245B0044FB9F /* Memelify */ = {
			isa = PBXGroup;
			children = (
				8A8F281921A63A7C0037B9F8 /* ViewControllers */,
				8A8F281621A63A650037B9F8 /* Supports */,
				8A8F280021A6396B0037B9F8 /* Resources */,
				DE56B976219E245B0044FB9F /* AppDelegate.swift */,
				DE56B97A219E245B0044FB9F /* Main.storyboard */,
				DE56B97D219E24620044FB9F /* Assets.xcassets */,
				DE56B97F219E24620044FB9F /* LaunchScreen.storyboard */,
				DE56B982219E24620044FB9F /* Info.plist */,
			);
			path = Memelify;
			sourceTree = "<group>";
		};
		DE56B98A219E24630044FB9F /* MemelifyTests */ = {
			isa = PBXGroup;
			children = (
				DE56B98B219E24630044FB9F /* MemelifyTests.swift */,
				DE56B98D219E24630044FB9F /* Info.plist */,
			);
			path = MemelifyTests;
			sourceTree = "<group>";
		};
		DE56B995219E24630044FB9F /* MemelifyUITests */ = {
			isa = PBXGroup;
			children = (
				DE56B996219E24630044FB9F /* MemelifyUITests.swift */,
				DE56B998219E24640044FB9F /* Info.plist */,
			);
			path = MemelifyUITests;
			sourceTree = "<group>";
		};
		F906F1A6183B7D25D98457B1 /* Frameworks */ = {
			isa = PBXGroup;
			children = (
				341BC62F284ACBF7234A542F /* Pods_Memelify.framework */,
			);
			name = Frameworks;
			sourceTree = "<group>";
		};
/* End PBXGroup section */

/* Begin PBXNativeTarget section */
		DE56B972219E245B0044FB9F /* Memelify */ = {
			isa = PBXNativeTarget;
			buildConfigurationList = DE56B99B219E24640044FB9F /* Build configuration list for PBXNativeTarget "Memelify" */;
			buildPhases = (
				303F1BB8FCBE41ACF96BB6BF /* [CP] Check Pods Manifest.lock */,
				DE56B96F219E245B0044FB9F /* Sources */,
				DE56B970219E245B0044FB9F /* Frameworks */,
				DE56B971219E245B0044FB9F /* Resources */,
				055A37D9F2592063E64DE5DB /* [CP] Embed Pods Frameworks */,
			);
			buildRules = (
			);
			dependencies = (
			);
			name = Memelify;
			productName = Memelify;
			productReference = DE56B973219E245B0044FB9F /* Memelify.app */;
			productType = "com.apple.product-type.application";
		};
		DE56B986219E24630044FB9F /* MemelifyTests */ = {
			isa = PBXNativeTarget;
			buildConfigurationList = DE56B99E219E24640044FB9F /* Build configuration list for PBXNativeTarget "MemelifyTests" */;
			buildPhases = (
				DE56B983219E24630044FB9F /* Sources */,
				DE56B984219E24630044FB9F /* Frameworks */,
				DE56B985219E24630044FB9F /* Resources */,
			);
			buildRules = (
			);
			dependencies = (
				DE56B989219E24630044FB9F /* PBXTargetDependency */,
			);
			name = MemelifyTests;
			productName = MemelifyTests;
			productReference = DE56B987219E24630044FB9F /* MemelifyTests.xctest */;
			productType = "com.apple.product-type.bundle.unit-test";
		};
		DE56B991219E24630044FB9F /* MemelifyUITests */ = {
			isa = PBXNativeTarget;
			buildConfigurationList = DE56B9A1219E24640044FB9F /* Build configuration list for PBXNativeTarget "MemelifyUITests" */;
			buildPhases = (
				DE56B98E219E24630044FB9F /* Sources */,
				DE56B98F219E24630044FB9F /* Frameworks */,
				DE56B990219E24630044FB9F /* Resources */,
			);
			buildRules = (
			);
			dependencies = (
				DE56B994219E24630044FB9F /* PBXTargetDependency */,
			);
			name = MemelifyUITests;
			productName = MemelifyUITests;
			productReference = DE56B992219E24630044FB9F /* MemelifyUITests.xctest */;
			productType = "com.apple.product-type.bundle.ui-testing";
		};
/* End PBXNativeTarget section */

/* Begin PBXProject section */
		DE56B96B219E245B0044FB9F /* Project object */ = {
			isa = PBXProject;
			attributes = {
				LastSwiftUpdateCheck = 1000;
				LastUpgradeCheck = 1000;
				ORGANIZATIONNAME = Memelify;
				TargetAttributes = {
					DE56B972219E245B0044FB9F = {
						CreatedOnToolsVersion = 10.0;
					};
					DE56B986219E24630044FB9F = {
						CreatedOnToolsVersion = 10.0;
						TestTargetID = DE56B972219E245B0044FB9F;
					};
					DE56B991219E24630044FB9F = {
						CreatedOnToolsVersion = 10.0;
						TestTargetID = DE56B972219E245B0044FB9F;
					};
				};
			};
			buildConfigurationList = DE56B96E219E245B0044FB9F /* Build configuration list for PBXProject "Memelify" */;
			compatibilityVersion = "Xcode 9.3";
			developmentRegion = en;
			hasScannedForEncodings = 0;
			knownRegions = (
				en,
				Base,
			);
			mainGroup = DE56B96A219E245B0044FB9F;
			productRefGroup = DE56B974219E245B0044FB9F /* Products */;
			projectDirPath = "";
			projectRoot = "";
			targets = (
				DE56B972219E245B0044FB9F /* Memelify */,
				DE56B986219E24630044FB9F /* MemelifyTests */,
				DE56B991219E24630044FB9F /* MemelifyUITests */,
			);
		};
/* End PBXProject section */

/* Begin PBXResourcesBuildPhase section */
		DE56B971219E245B0044FB9F /* Resources */ = {
			isa = PBXResourcesBuildPhase;
			buildActionMask = 2147483647;
			files = (
				DE56B981219E24620044FB9F /* LaunchScreen.storyboard in Resources */,
				DE56B97E219E24620044FB9F /* Assets.xcassets in Resources */,
				DE24482C21A0F6DB008DF45E /* Memelify-transparent.png in Resources */,
				DE56B97C219E245B0044FB9F /* Main.storyboard in Resources */,
				8A8F282C21A739A40037B9F8 /* meme-example1.jpg in Resources */,
				8A8F281F21A64B650037B9F8 /* computer-guy.png in Resources */,
				8A8F282D21A739A40037B9F8 /* meme-example3.jpg in Resources */,
				8A8F282E21A739A40037B9F8 /* memee-xample2.jpg in Resources */,
			);
			runOnlyForDeploymentPostprocessing = 0;
		};
		DE56B985219E24630044FB9F /* Resources */ = {
			isa = PBXResourcesBuildPhase;
			buildActionMask = 2147483647;
			files = (
			);
			runOnlyForDeploymentPostprocessing = 0;
		};
		DE56B990219E24630044FB9F /* Resources */ = {
			isa = PBXResourcesBuildPhase;
			buildActionMask = 2147483647;
			files = (
			);
			runOnlyForDeploymentPostprocessing = 0;
		};
/* End PBXResourcesBuildPhase section */

/* Begin PBXShellScriptBuildPhase section */
		055A37D9F2592063E64DE5DB /* [CP] Embed Pods Frameworks */ = {
			isa = PBXShellScriptBuildPhase;
			buildActionMask = 2147483647;
			files = (
			);
			inputFileListPaths = (
			);
			inputPaths = (
				"${SRCROOT}/Pods/Target Support Files/Pods-Memelify/Pods-Memelify-frameworks.sh",
				"${BUILT_PRODUCTS_DIR}/Alamofire/Alamofire.framework",
			);
			name = "[CP] Embed Pods Frameworks";
			outputFileListPaths = (
			);
			outputPaths = (
				"${TARGET_BUILD_DIR}/${FRAMEWORKS_FOLDER_PATH}/Alamofire.framework",
			);
			runOnlyForDeploymentPostprocessing = 0;
			shellPath = /bin/sh;
			shellScript = "\"${SRCROOT}/Pods/Target Support Files/Pods-Memelify/Pods-Memelify-frameworks.sh\"\n";
			showEnvVarsInLog = 0;
		};
		303F1BB8FCBE41ACF96BB6BF /* [CP] Check Pods Manifest.lock */ = {
			isa = PBXShellScriptBuildPhase;
			buildActionMask = 2147483647;
			files = (
			);
			inputFileListPaths = (
			);
			inputPaths = (
				"${PODS_PODFILE_DIR_PATH}/Podfile.lock",
				"${PODS_ROOT}/Manifest.lock",
			);
			name = "[CP] Check Pods Manifest.lock";
			outputFileListPaths = (
			);
			outputPaths = (
				"$(DERIVED_FILE_DIR)/Pods-Memelify-checkManifestLockResult.txt",
			);
			runOnlyForDeploymentPostprocessing = 0;
			shellPath = /bin/sh;
			shellScript = "diff \"${PODS_PODFILE_DIR_PATH}/Podfile.lock\" \"${PODS_ROOT}/Manifest.lock\" > /dev/null\nif [ $? != 0 ] ; then\n    # print error to STDERR\n    echo \"error: The sandbox is not in sync with the Podfile.lock. Run 'pod install' or update your CocoaPods installation.\" >&2\n    exit 1\nfi\n# This output is used by Xcode 'outputs' to avoid re-running this script phase.\necho \"SUCCESS\" > \"${SCRIPT_OUTPUT_FILE_0}\"\n";
			showEnvVarsInLog = 0;
		};
/* End PBXShellScriptBuildPhase section */

/* Begin PBXSourcesBuildPhase section */
		DE56B96F219E245B0044FB9F /* Sources */ = {
			isa = PBXSourcesBuildPhase;
			buildActionMask = 2147483647;
			files = (
				8A8F281B21A63A7C0037B9F8 /* HomeViewController.swift in Sources */,
				8A8F282321A67B590037B9F8 /* TrendingViewController.swift in Sources */,
				DE56B977219E245B0044FB9F /* AppDelegate.swift in Sources */,
				8A8F282521A67B6A0037B9F8 /* FavoritesViewController.swift in Sources */,
				8A8F281821A63A660037B9F8 /* MemeTile.swift in Sources */,
			);
			runOnlyForDeploymentPostprocessing = 0;
		};
		DE56B983219E24630044FB9F /* Sources */ = {
			isa = PBXSourcesBuildPhase;
			buildActionMask = 2147483647;
			files = (
				DE56B98C219E24630044FB9F /* MemelifyTests.swift in Sources */,
			);
			runOnlyForDeploymentPostprocessing = 0;
		};
		DE56B98E219E24630044FB9F /* Sources */ = {
			isa = PBXSourcesBuildPhase;
			buildActionMask = 2147483647;
			files = (
				DE56B997219E24630044FB9F /* MemelifyUITests.swift in Sources */,
			);
			runOnlyForDeploymentPostprocessing = 0;
		};
/* End PBXSourcesBuildPhase section */

/* Begin PBXTargetDependency section */
		DE56B989219E24630044FB9F /* PBXTargetDependency */ = {
			isa = PBXTargetDependency;
			target = DE56B972219E245B0044FB9F /* Memelify */;
			targetProxy = DE56B988219E24630044FB9F /* PBXContainerItemProxy */;
		};
		DE56B994219E24630044FB9F /* PBXTargetDependency */ = {
			isa = PBXTargetDependency;
			target = DE56B972219E245B0044FB9F /* Memelify */;
			targetProxy = DE56B993219E24630044FB9F /* PBXContainerItemProxy */;
		};
/* End PBXTargetDependency section */

/* Begin PBXVariantGroup section */
		DE56B97A219E245B0044FB9F /* Main.storyboard */ = {
			isa = PBXVariantGroup;
			children = (
				DE56B97B219E245B0044FB9F /* Base */,
			);
			name = Main.storyboard;
			sourceTree = "<group>";
		};
		DE56B97F219E24620044FB9F /* LaunchScreen.storyboard */ = {
			isa = PBXVariantGroup;
			children = (
				DE56B980219E24620044FB9F /* Base */,
			);
			name = LaunchScreen.storyboard;
			sourceTree = "<group>";
		};
/* End PBXVariantGroup section */

/* Begin XCBuildConfiguration section */
		DE56B999219E24640044FB9F /* Debug */ = {
			isa = XCBuildConfiguration;
			buildSettings = {
				ALWAYS_SEARCH_USER_PATHS = NO;
				CLANG_ANALYZER_NONNULL = YES;
				CLANG_ANALYZER_NUMBER_OBJECT_CONVERSION = YES_AGGRESSIVE;
				CLANG_CXX_LANGUAGE_STANDARD = "gnu++14";
				CLANG_CXX_LIBRARY = "libc++";
				CLANG_ENABLE_MODULES = YES;
				CLANG_ENABLE_OBJC_ARC = YES;
				CLANG_ENABLE_OBJC_WEAK = YES;
				CLANG_WARN_BLOCK_CAPTURE_AUTORELEASING = YES;
				CLANG_WARN_BOOL_CONVERSION = YES;
				CLANG_WARN_COMMA = YES;
				CLANG_WARN_CONSTANT_CONVERSION = YES;
				CLANG_WARN_DEPRECATED_OBJC_IMPLEMENTATIONS = YES;
				CLANG_WARN_DIRECT_OBJC_ISA_USAGE = YES_ERROR;
				CLANG_WARN_DOCUMENTATION_COMMENTS = YES;
				CLANG_WARN_EMPTY_BODY = YES;
				CLANG_WARN_ENUM_CONVERSION = YES;
				CLANG_WARN_INFINITE_RECURSION = YES;
				CLANG_WARN_INT_CONVERSION = YES;
				CLANG_WARN_NON_LITERAL_NULL_CONVERSION = YES;
				CLANG_WARN_OBJC_IMPLICIT_RETAIN_SELF = YES;
				CLANG_WARN_OBJC_LITERAL_CONVERSION = YES;
				CLANG_WARN_OBJC_ROOT_CLASS = YES_ERROR;
				CLANG_WARN_RANGE_LOOP_ANALYSIS = YES;
				CLANG_WARN_STRICT_PROTOTYPES = YES;
				CLANG_WARN_SUSPICIOUS_MOVE = YES;
				CLANG_WARN_UNGUARDED_AVAILABILITY = YES_AGGRESSIVE;
				CLANG_WARN_UNREACHABLE_CODE = YES;
				CLANG_WARN__DUPLICATE_METHOD_MATCH = YES;
				CODE_SIGN_IDENTITY = "iPhone Developer";
				COPY_PHASE_STRIP = NO;
				DEBUG_INFORMATION_FORMAT = dwarf;
				ENABLE_STRICT_OBJC_MSGSEND = YES;
				ENABLE_TESTABILITY = YES;
				GCC_C_LANGUAGE_STANDARD = gnu11;
				GCC_DYNAMIC_NO_PIC = NO;
				GCC_NO_COMMON_BLOCKS = YES;
				GCC_OPTIMIZATION_LEVEL = 0;
				GCC_PREPROCESSOR_DEFINITIONS = (
					"DEBUG=1",
					"$(inherited)",
				);
				GCC_WARN_64_TO_32_BIT_CONVERSION = YES;
				GCC_WARN_ABOUT_RETURN_TYPE = YES_ERROR;
				GCC_WARN_UNDECLARED_SELECTOR = YES;
				GCC_WARN_UNINITIALIZED_AUTOS = YES_AGGRESSIVE;
				GCC_WARN_UNUSED_FUNCTION = YES;
				GCC_WARN_UNUSED_VARIABLE = YES;
				IPHONEOS_DEPLOYMENT_TARGET = 12.0;
				MTL_ENABLE_DEBUG_INFO = INCLUDE_SOURCE;
				MTL_FAST_MATH = YES;
				ONLY_ACTIVE_ARCH = YES;
				SDKROOT = iphoneos;
				SWIFT_ACTIVE_COMPILATION_CONDITIONS = DEBUG;
				SWIFT_OPTIMIZATION_LEVEL = "-Onone";
			};
			name = Debug;
		};
		DE56B99A219E24640044FB9F /* Release */ = {
			isa = XCBuildConfiguration;
			buildSettings = {
				ALWAYS_SEARCH_USER_PATHS = NO;
				CLANG_ANALYZER_NONNULL = YES;
				CLANG_ANALYZER_NUMBER_OBJECT_CONVERSION = YES_AGGRESSIVE;
				CLANG_CXX_LANGUAGE_STANDARD = "gnu++14";
				CLANG_CXX_LIBRARY = "libc++";
				CLANG_ENABLE_MODULES = YES;
				CLANG_ENABLE_OBJC_ARC = YES;
				CLANG_ENABLE_OBJC_WEAK = YES;
				CLANG_WARN_BLOCK_CAPTURE_AUTORELEASING = YES;
				CLANG_WARN_BOOL_CONVERSION = YES;
				CLANG_WARN_COMMA = YES;
				CLANG_WARN_CONSTANT_CONVERSION = YES;
				CLANG_WARN_DEPRECATED_OBJC_IMPLEMENTATIONS = YES;
				CLANG_WARN_DIRECT_OBJC_ISA_USAGE = YES_ERROR;
				CLANG_WARN_DOCUMENTATION_COMMENTS = YES;
				CLANG_WARN_EMPTY_BODY = YES;
				CLANG_WARN_ENUM_CONVERSION = YES;
				CLANG_WARN_INFINITE_RECURSION = YES;
				CLANG_WARN_INT_CONVERSION = YES;
				CLANG_WARN_NON_LITERAL_NULL_CONVERSION = YES;
				CLANG_WARN_OBJC_IMPLICIT_RETAIN_SELF = YES;
				CLANG_WARN_OBJC_LITERAL_CONVERSION = YES;
				CLANG_WARN_OBJC_ROOT_CLASS = YES_ERROR;
				CLANG_WARN_RANGE_LOOP_ANALYSIS = YES;
				CLANG_WARN_STRICT_PROTOTYPES = YES;
				CLANG_WARN_SUSPICIOUS_MOVE = YES;
				CLANG_WARN_UNGUARDED_AVAILABILITY = YES_AGGRESSIVE;
				CLANG_WARN_UNREACHABLE_CODE = YES;
				CLANG_WARN__DUPLICATE_METHOD_MATCH = YES;
				CODE_SIGN_IDENTITY = "iPhone Developer";
				COPY_PHASE_STRIP = NO;
				DEBUG_INFORMATION_FORMAT = "dwarf-with-dsym";
				ENABLE_NS_ASSERTIONS = NO;
				ENABLE_STRICT_OBJC_MSGSEND = YES;
				GCC_C_LANGUAGE_STANDARD = gnu11;
				GCC_NO_COMMON_BLOCKS = YES;
				GCC_WARN_64_TO_32_BIT_CONVERSION = YES;
				GCC_WARN_ABOUT_RETURN_TYPE = YES_ERROR;
				GCC_WARN_UNDECLARED_SELECTOR = YES;
				GCC_WARN_UNINITIALIZED_AUTOS = YES_AGGRESSIVE;
				GCC_WARN_UNUSED_FUNCTION = YES;
				GCC_WARN_UNUSED_VARIABLE = YES;
				IPHONEOS_DEPLOYMENT_TARGET = 12.0;
				MTL_ENABLE_DEBUG_INFO = NO;
				MTL_FAST_MATH = YES;
				SDKROOT = iphoneos;
				SWIFT_COMPILATION_MODE = wholemodule;
				SWIFT_OPTIMIZATION_LEVEL = "-O";
				VALIDATE_PRODUCT = YES;
			};
			name = Release;
		};
		DE56B99C219E24640044FB9F /* Debug */ = {
			isa = XCBuildConfiguration;
			baseConfigurationReference = 30CB0809821D37314BCE72A4 /* Pods-Memelify.debug.xcconfig */;
			buildSettings = {
				ASSETCATALOG_COMPILER_APPICON_NAME = AppIcon;
				CODE_SIGN_STYLE = Automatic;
				FRAMEWORK_SEARCH_PATHS = "$(inherited)";
				INFOPLIST_FILE = Memelify/Info.plist;
				LD_RUNPATH_SEARCH_PATHS = (
					"$(inherited)",
					"@executable_path/Frameworks",
				);
				PRODUCT_BUNDLE_IDENTIFIER = ecs189.Memelify;
				PRODUCT_NAME = "$(TARGET_NAME)";
				SWIFT_VERSION = 4.2;
				TARGETED_DEVICE_FAMILY = "1,2";
			};
			name = Debug;
		};
		DE56B99D219E24640044FB9F /* Release */ = {
			isa = XCBuildConfiguration;
			baseConfigurationReference = 88CC833CDE3B2D1D65485575 /* Pods-Memelify.release.xcconfig */;
			buildSettings = {
				ASSETCATALOG_COMPILER_APPICON_NAME = AppIcon;
				CODE_SIGN_STYLE = Automatic;
				FRAMEWORK_SEARCH_PATHS = "${inherited}";
				INFOPLIST_FILE = Memelify/Info.plist;
				LD_RUNPATH_SEARCH_PATHS = (
					"$(inherited)",
					"@executable_path/Frameworks",
				);
				PRODUCT_BUNDLE_IDENTIFIER = ecs189.Memelify;
				PRODUCT_NAME = "$(TARGET_NAME)";
				SWIFT_VERSION = 4.2;
				TARGETED_DEVICE_FAMILY = "1,2";
			};
			name = Release;
		};
		DE56B99F219E24640044FB9F /* Debug */ = {
			isa = XCBuildConfiguration;
			buildSettings = {
				ALWAYS_EMBED_SWIFT_STANDARD_LIBRARIES = YES;
				BUNDLE_LOADER = "$(TEST_HOST)";
				CODE_SIGN_STYLE = Automatic;
				INFOPLIST_FILE = MemelifyTests/Info.plist;
				LD_RUNPATH_SEARCH_PATHS = (
					"$(inherited)",
					"@executable_path/Frameworks",
					"@loader_path/Frameworks",
				);
				PRODUCT_BUNDLE_IDENTIFIER = ecs189.MemelifyTests;
				PRODUCT_NAME = "$(TARGET_NAME)";
				SWIFT_VERSION = 4.2;
				TARGETED_DEVICE_FAMILY = "1,2";
				TEST_HOST = "$(BUILT_PRODUCTS_DIR)/Memelify.app/Memelify";
			};
			name = Debug;
		};
		DE56B9A0219E24640044FB9F /* Release */ = {
			isa = XCBuildConfiguration;
			buildSettings = {
				ALWAYS_EMBED_SWIFT_STANDARD_LIBRARIES = YES;
				BUNDLE_LOADER = "$(TEST_HOST)";
				CODE_SIGN_STYLE = Automatic;
				INFOPLIST_FILE = MemelifyTests/Info.plist;
				LD_RUNPATH_SEARCH_PATHS = (
					"$(inherited)",
					"@executable_path/Frameworks",
					"@loader_path/Frameworks",
				);
				PRODUCT_BUNDLE_IDENTIFIER = ecs189.MemelifyTests;
				PRODUCT_NAME = "$(TARGET_NAME)";
				SWIFT_VERSION = 4.2;
				TARGETED_DEVICE_FAMILY = "1,2";
				TEST_HOST = "$(BUILT_PRODUCTS_DIR)/Memelify.app/Memelify";
			};
			name = Release;
		};
		DE56B9A2219E24640044FB9F /* Debug */ = {
			isa = XCBuildConfiguration;
			buildSettings = {
				ALWAYS_EMBED_SWIFT_STANDARD_LIBRARIES = YES;
				CODE_SIGN_STYLE = Automatic;
				INFOPLIST_FILE = MemelifyUITests/Info.plist;
				LD_RUNPATH_SEARCH_PATHS = (
					"$(inherited)",
					"@executable_path/Frameworks",
					"@loader_path/Frameworks",
				);
				PRODUCT_BUNDLE_IDENTIFIER = ecs189.MemelifyUITests;
				PRODUCT_NAME = "$(TARGET_NAME)";
				SWIFT_VERSION = 4.2;
				TARGETED_DEVICE_FAMILY = "1,2";
				TEST_TARGET_NAME = Memelify;
			};
			name = Debug;
		};
		DE56B9A3219E24640044FB9F /* Release */ = {
			isa = XCBuildConfiguration;
			buildSettings = {
				ALWAYS_EMBED_SWIFT_STANDARD_LIBRARIES = YES;
				CODE_SIGN_STYLE = Automatic;
				INFOPLIST_FILE = MemelifyUITests/Info.plist;
				LD_RUNPATH_SEARCH_PATHS = (
					"$(inherited)",
					"@executable_path/Frameworks",
					"@loader_path/Frameworks",
				);
				PRODUCT_BUNDLE_IDENTIFIER = ecs189.MemelifyUITests;
				PRODUCT_NAME = "$(TARGET_NAME)";
				SWIFT_VERSION = 4.2;
				TARGETED_DEVICE_FAMILY = "1,2";
				TEST_TARGET_NAME = Memelify;
			};
			name = Release;
		};
/* End XCBuildConfiguration section */

/* Begin XCConfigurationList section */
		DE56B96E219E245B0044FB9F /* Build configuration list for PBXProject "Memelify" */ = {
			isa = XCConfigurationList;
			buildConfigurations = (
				DE56B999219E24640044FB9F /* Debug */,
				DE56B99A219E24640044FB9F /* Release */,
			);
			defaultConfigurationIsVisible = 0;
			defaultConfigurationName = Release;
		};
		DE56B99B219E24640044FB9F /* Build configuration list for PBXNativeTarget "Memelify" */ = {
			isa = XCConfigurationList;
			buildConfigurations = (
				DE56B99C219E24640044FB9F /* Debug */,
				DE56B99D219E24640044FB9F /* Release */,
			);
			defaultConfigurationIsVisible = 0;
			defaultConfigurationName = Release;
		};
		DE56B99E219E24640044FB9F /* Build configuration list for PBXNativeTarget "MemelifyTests" */ = {
			isa = XCConfigurationList;
			buildConfigurations = (
				DE56B99F219E24640044FB9F /* Debug */,
				DE56B9A0219E24640044FB9F /* Release */,
			);
			defaultConfigurationIsVisible = 0;
			defaultConfigurationName = Release;
		};
		DE56B9A1219E24640044FB9F /* Build configuration list for PBXNativeTarget "MemelifyUITests" */ = {
			isa = XCConfigurationList;
			buildConfigurations = (
				DE56B9A2219E24640044FB9F /* Debug */,
				DE56B9A3219E24640044FB9F /* Release */,
			);
			defaultConfigurationIsVisible = 0;
			defaultConfigurationName = Release;
		};
/* End XCConfigurationList section */
	};
	rootObject = DE56B96B219E245B0044FB9F /* Project object */;
}
